
Microsoft Visual Studio Solution File, Format Version 12.00
# Visual Studio Version 17
VisualStudioVersion = 17.6.33815.320
MinimumVisualStudioVersion = 10.0.40219.1
Project("{FAE04EC0-301F-11D3-BF4B-00C04F79EFBC}") = "ConsoleApp2", "ConsoleApp2.csproj", "{FB19BB2A-1096-4D04-9B82-7907E05C7FFD}"
EndProject
Global
	GlobalSection(SolutionConfigurationPlatforms) = preSolution
		Debug|Any CPU = Debug|Any CPU
		Release|Any CPU = Release|Any CPU
	EndGlobalSection
	GlobalSection(ProjectConfigurationPlatforms) = postSolution
		{FB19BB2A-1096-4D04-9B82-7907E05C7FFD}.Debug|Any CPU.ActiveCfg = Debug|Any CPU
		{FB19BB2A-1096-4D04-9B82-7907E05C7FFD}.Debug|Any CPU.Build.0 = Debug|Any CPU
		{FB19BB2A-1096-4D04-9B82-7907E05C7FFD}.Release|Any CPU.ActiveCfg = Release|Any CPU
		{FB19BB2A-1096-4D04-9B82-7907E05C7FFD}.Release|Any CPU.Build.0 = Release|Any CPU
	EndGlobalSection
	GlobalSection(SolutionProperties) = preSolution
		HideSolutionNode = FALSE
	EndGlobalSection
	GlobalSection(ExtensibilityGlobals) = postSolution
		SolutionGuid = {5CE607F8-58CD-4F77-88D4-B337C993C4EF}
	EndGlobalSection
EndGlobal
